// !$*UTF8*$!
{
	archiveVersion = 1;
	classes = {
	};
	objectVersion = 55;
	objects = {

/* Begin PBXBuildFile section */
		5210D87A28CFF7D8009FCC5E /* PokemonImageView.swift in Sources */ = {isa = PBXBuildFile; fileRef = 5210D87928CFF7D8009FCC5E /* PokemonImageView.swift */; };
		5210D87C28D00677009FCC5E /* WelcomeView.swift in Sources */ = {isa = PBXBuildFile; fileRef = 5210D87B28D00677009FCC5E /* WelcomeView.swift */; };
		523F2EFA28CAD2B70063FAC1 /* PokedexApp.swift in Sources */ = {isa = PBXBuildFile; fileRef = 523F2EF928CAD2B70063FAC1 /* PokedexApp.swift */; };
		523F2EFC28CAD2B70063FAC1 /* ContentView.swift in Sources */ = {isa = PBXBuildFile; fileRef = 523F2EFB28CAD2B70063FAC1 /* ContentView.swift */; };
		523F2EFE28CAD2B80063FAC1 /* Assets.xcassets in Resources */ = {isa = PBXBuildFile; fileRef = 523F2EFD28CAD2B80063FAC1 /* Assets.xcassets */; };
		523F2F0128CAD2B80063FAC1 /* Preview Assets.xcassets in Resources */ = {isa = PBXBuildFile; fileRef = 523F2F0028CAD2B80063FAC1 /* Preview Assets.xcassets */; };
		523F2F0C28CAD2F20063FAC1 /* Pokemon.swift in Sources */ = {isa = PBXBuildFile; fileRef = 523F2F0B28CAD2F20063FAC1 /* Pokemon.swift */; };
		52A962FE28CC32F200055E2A /* Constants.swift in Sources */ = {isa = PBXBuildFile; fileRef = 52A962FD28CC32F200055E2A /* Constants.swift */; };
		52A9630228CC336000055E2A /* PokemonModel.swift in Sources */ = {isa = PBXBuildFile; fileRef = 52A9630128CC336000055E2A /* PokemonModel.swift */; };
		52E656B328CEAFE500B33476 /* CacheService.swift in Sources */ = {isa = PBXBuildFile; fileRef = 52E656B228CEAFE500B33476 /* CacheService.swift */; };
/* End PBXBuildFile section */

/* Begin PBXFileReference section */
		5210D87928CFF7D8009FCC5E /* PokemonImageView.swift */ = {isa = PBXFileReference; lastKnownFileType = sourcecode.swift; path = PokemonImageView.swift; sourceTree = "<group>"; };
		5210D87B28D00677009FCC5E /* WelcomeView.swift */ = {isa = PBXFileReference; lastKnownFileType = sourcecode.swift; path = WelcomeView.swift; sourceTree = "<group>"; };
		523F2EF628CAD2B70063FAC1 /* Pokedex.app */ = {isa = PBXFileReference; explicitFileType = wrapper.application; includeInIndex = 0; path = Pokedex.app; sourceTree = BUILT_PRODUCTS_DIR; };
		523F2EF928CAD2B70063FAC1 /* PokedexApp.swift */ = {isa = PBXFileReference; lastKnownFileType = sourcecode.swift; path = PokedexApp.swift; sourceTree = "<group>"; };
		523F2EFB28CAD2B70063FAC1 /* ContentView.swift */ = {isa = PBXFileReference; lastKnownFileType = sourcecode.swift; path = ContentView.swift; sourceTree = "<group>"; };
		523F2EFD28CAD2B80063FAC1 /* Assets.xcassets */ = {isa = PBXFileReference; lastKnownFileType = folder.assetcatalog; path = Assets.xcassets; sourceTree = "<group>"; };
		523F2F0028CAD2B80063FAC1 /* Preview Assets.xcassets */ = {isa = PBXFileReference; lastKnownFileType = folder.assetcatalog; path = "Preview Assets.xcassets"; sourceTree = "<group>"; };
		523F2F0B28CAD2F20063FAC1 /* Pokemon.swift */ = {isa = PBXFileReference; lastKnownFileType = sourcecode.swift; path = Pokemon.swift; sourceTree = "<group>"; };
		52A962FD28CC32F200055E2A /* Constants.swift */ = {isa = PBXFileReference; lastKnownFileType = sourcecode.swift; path = Constants.swift; sourceTree = "<group>"; };
		52A9630128CC336000055E2A /* PokemonModel.swift */ = {isa = PBXFileReference; lastKnownFileType = sourcecode.swift; path = PokemonModel.swift; sourceTree = "<group>"; };
		52E656B228CEAFE500B33476 /* CacheService.swift */ = {isa = PBXFileReference; lastKnownFileType = sourcecode.swift; path = CacheService.swift; sourceTree = "<group>"; };
/* End PBXFileReference section */

/* Begin PBXFrameworksBuildPhase section */
		523F2EF328CAD2B70063FAC1 /* Frameworks */ = {
			isa = PBXFrameworksBuildPhase;
			buildActionMask = 2147483647;
			files = (
			);
			runOnlyForDeploymentPostprocessing = 0;
		};
/* End PBXFrameworksBuildPhase section */

/* Begin PBXGroup section */
		523F2EED28CAD2B70063FAC1 = {
			isa = PBXGroup;
			children = (
				523F2EF828CAD2B70063FAC1 /* Pokedex */,
				523F2EF728CAD2B70063FAC1 /* Products */,
			);
			sourceTree = "<group>";
		};
		523F2EF728CAD2B70063FAC1 /* Products */ = {
			isa = PBXGroup;
			children = (
				523F2EF628CAD2B70063FAC1 /* Pokedex.app */,
			);
			name = Products;
			sourceTree = "<group>";
		};
		523F2EF828CAD2B70063FAC1 /* Pokedex */ = {
			isa = PBXGroup;
			children = (
				523F2EF928CAD2B70063FAC1 /* PokedexApp.swift */,
				523F2F0928CAD2D20063FAC1 /* Models */,
				523F2F0728CAD2C00063FAC1 /* Views */,
				523F2F0A28CAD2DC0063FAC1 /* ViewModel */,
				52E656B128CEAFC100B33476 /* Services */,
				52A962FC28CC32DD00055E2A /* Helpers */,
				523F2EFD28CAD2B80063FAC1 /* Assets.xcassets */,
				523F2EFF28CAD2B80063FAC1 /* Preview Content */,
			);
			path = Pokedex;
			sourceTree = "<group>";
		};
		523F2EFF28CAD2B80063FAC1 /* Preview Content */ = {
			isa = PBXGroup;
			children = (
				523F2F0028CAD2B80063FAC1 /* Preview Assets.xcassets */,
			);
			path = "Preview Content";
			sourceTree = "<group>";
		};
		523F2F0728CAD2C00063FAC1 /* Views */ = {
			isa = PBXGroup;
			children = (
				5210D87B28D00677009FCC5E /* WelcomeView.swift */,
				523F2EFB28CAD2B70063FAC1 /* ContentView.swift */,
				5210D87928CFF7D8009FCC5E /* PokemonImageView.swift */,
			);
			path = Views;
			sourceTree = "<group>";
		};
		523F2F0928CAD2D20063FAC1 /* Models */ = {
			isa = PBXGroup;
			children = (
				523F2F0B28CAD2F20063FAC1 /* Pokemon.swift */,
			);
			path = Models;
			sourceTree = "<group>";
		};
		523F2F0A28CAD2DC0063FAC1 /* ViewModel */ = {
			isa = PBXGroup;
			children = (
				52A9630128CC336000055E2A /* PokemonModel.swift */,
			);
			path = ViewModel;
			sourceTree = "<group>";
		};
		52A962FC28CC32DD00055E2A /* Helpers */ = {
			isa = PBXGroup;
			children = (
				52A962FD28CC32F200055E2A /* Constants.swift */,
			);
			path = Helpers;
			sourceTree = "<group>";
		};
		52E656B128CEAFC100B33476 /* Services */ = {
			isa = PBXGroup;
			children = (
				52E656B228CEAFE500B33476 /* CacheService.swift */,
			);
			path = Services;
			sourceTree = "<group>";
		};
/* End PBXGroup section */

/* Begin PBXNativeTarget section */
		523F2EF528CAD2B70063FAC1 /* Pokedex */ = {
			isa = PBXNativeTarget;
			buildConfigurationList = 523F2F0428CAD2B80063FAC1 /* Build configuration list for PBXNativeTarget "Pokedex" */;
			buildPhases = (
				523F2EF228CAD2B70063FAC1 /* Sources */,
				523F2EF328CAD2B70063FAC1 /* Frameworks */,
				523F2EF428CAD2B70063FAC1 /* Resources */,
			);
			buildRules = (
			);
			dependencies = (
			);
			name = Pokedex;
			productName = Pokedex;
			productReference = 523F2EF628CAD2B70063FAC1 /* Pokedex.app */;
			productType = "com.apple.product-type.application";
		};
/* End PBXNativeTarget section */

/* Begin PBXProject section */
		523F2EEE28CAD2B70063FAC1 /* Project object */ = {
			isa = PBXProject;
			attributes = {
				BuildIndependentTargetsInParallel = 1;
				LastSwiftUpdateCheck = 1340;
				LastUpgradeCheck = 1340;
				TargetAttributes = {
					523F2EF528CAD2B70063FAC1 = {
						CreatedOnToolsVersion = 13.4.1;
					};
				};
			};
			buildConfigurationList = 523F2EF128CAD2B70063FAC1 /* Build configuration list for PBXProject "Pokedex" */;
			compatibilityVersion = "Xcode 13.0";
			developmentRegion = en;
			hasScannedForEncodings = 0;
			knownRegions = (
				en,
				Base,
			);
			mainGroup = 523F2EED28CAD2B70063FAC1;
			productRefGroup = 523F2EF728CAD2B70063FAC1 /* Products */;
			projectDirPath = "";
			projectRoot = "";
			targets = (
				523F2EF528CAD2B70063FAC1 /* Pokedex */,
			);
		};
/* End PBXProject section */

/* Begin PBXResourcesBuildPhase section */
		523F2EF428CAD2B70063FAC1 /* Resources */ = {
			isa = PBXResourcesBuildPhase;
			buildActionMask = 2147483647;
			files = (
				523F2F0128CAD2B80063FAC1 /* Preview Assets.xcassets in Resources */,
				523F2EFE28CAD2B80063FAC1 /* Assets.xcassets in Resources */,
			);
			runOnlyForDeploymentPostprocessing = 0;
		};
/* End PBXResourcesBuildPhase section */

/* Begin PBXSourcesBuildPhase section */
		523F2EF228CAD2B70063FAC1 /* Sources */ = {
			isa = PBXSourcesBuildPhase;
			buildActionMask = 2147483647;
			files = (
				523F2EFC28CAD2B70063FAC1 /* ContentView.swift in Sources */,
				523F2EFA28CAD2B70063FAC1 /* PokedexApp.swift in Sources */,
				523F2F0C28CAD2F20063FAC1 /* Pokemon.swift in Sources */,
				5210D87C28D00677009FCC5E /* WelcomeView.swift in Sources */,
				52A9630228CC336000055E2A /* PokemonModel.swift in Sources */,
				52E656B328CEAFE500B33476 /* CacheService.swift in Sources */,
				5210D87A28CFF7D8009FCC5E /* PokemonImageView.swift in Sources */,
				52A962FE28CC32F200055E2A /* Constants.swift in Sources */,
			);
			runOnlyForDeploymentPostprocessing = 0;
		};
/* End PBXSourcesBuildPhase section */

/* Begin XCBuildConfiguration section */
		523F2F0228CAD2B80063FAC1 /* Debug */ = {
			isa = XCBuildConfiguration;
			buildSettings = {
				ALWAYS_SEARCH_USER_PATHS = NO;
				CLANG_ANALYZER_NONNULL = YES;
				CLANG_ANALYZER_NUMBER_OBJECT_CONVERSION = YES_AGGRESSIVE;
				CLANG_CXX_LANGUAGE_STANDARD = "gnu++17";
				CLANG_ENABLE_MODULES = YES;
				CLANG_ENABLE_OBJC_ARC = YES;
				CLANG_ENABLE_OBJC_WEAK = YES;
				CLANG_WARN_BLOCK_CAPTURE_AUTORELEASING = YES;
				CLANG_WARN_BOOL_CONVERSION = YES;
				CLANG_WARN_COMMA = YES;
				CLANG_WARN_CONSTANT_CONVERSION = YES;
				CLANG_WARN_DEPRECATED_OBJC_IMPLEMENTATIONS = YES;
				CLANG_WARN_DIRECT_OBJC_ISA_USAGE = YES_ERROR;
				CLANG_WARN_DOCUMENTATION_COMMENTS = YES;
				CLANG_WARN_EMPTY_BODY = YES;
				CLANG_WARN_ENUM_CONVERSION = YES;
				CLANG_WARN_INFINITE_RECURSION = YES;
				CLANG_WARN_INT_CONVERSION = YES;
				CLANG_WARN_NON_LITERAL_NULL_CONVERSION = YES;
				CLANG_WARN_OBJC_IMPLICIT_RETAIN_SELF = YES;
				CLANG_WARN_OBJC_LITERAL_CONVERSION = YES;
				CLANG_WARN_OBJC_ROOT_CLASS = YES_ERROR;
				CLANG_WARN_QUOTED_INCLUDE_IN_FRAMEWORK_HEADER = YES;
				CLANG_WARN_RANGE_LOOP_ANALYSIS = YES;
				CLANG_WARN_STRICT_PROTOTYPES = YES;
				CLANG_WARN_SUSPICIOUS_MOVE = YES;
				CLANG_WARN_UNGUARDED_AVAILABILITY = YES_AGGRESSIVE;
				CLANG_WARN_UNREACHABLE_CODE = YES;
				CLANG_WARN__DUPLICATE_METHOD_MATCH = YES;
				COPY_PHASE_STRIP = NO;
				DEBUG_INFORMATION_FORMAT = dwarf;
				ENABLE_STRICT_OBJC_MSGSEND = YES;
				ENABLE_TESTABILITY = YES;
				GCC_C_LANGUAGE_STANDARD = gnu11;
				GCC_DYNAMIC_NO_PIC = NO;
				GCC_NO_COMMON_BLOCKS = YES;
				GCC_OPTIMIZATION_LEVEL = 0;
				GCC_PREPROCESSOR_DEFINITIONS = (
					"DEBUG=1",
					"$(inherited)",
				);
				GCC_WARN_64_TO_32_BIT_CONVERSION = YES;
				GCC_WARN_ABOUT_RETURN_TYPE = YES_ERROR;
				GCC_WARN_UNDECLARED_SELECTOR = YES;
				GCC_WARN_UNINITIALIZED_AUTOS = YES_AGGRESSIVE;
				GCC_WARN_UNUSED_FUNCTION = YES;
				GCC_WARN_UNUSED_VARIABLE = YES;
				IPHONEOS_DEPLOYMENT_TARGET = 15.5;
				MTL_ENABLE_DEBUG_INFO = INCLUDE_SOURCE;
				MTL_FAST_MATH = YES;
				ONLY_ACTIVE_ARCH = YES;
				SDKROOT = iphoneos;
				SWIFT_ACTIVE_COMPILATION_CONDITIONS = DEBUG;
				SWIFT_OPTIMIZATION_LEVEL = "-Onone";
			};
			name = Debug;
		};
		523F2F0328CAD2B80063FAC1 /* Release */ = {
			isa = XCBuildConfiguration;
			buildSettings = {
				ALWAYS_SEARCH_USER_PATHS = NO;
				CLANG_ANALYZER_NONNULL = YES;
				CLANG_ANALYZER_NUMBER_OBJECT_CONVERSION = YES_AGGRESSIVE;
				CLANG_CXX_LANGUAGE_STANDARD = "gnu++17";
				CLANG_ENABLE_MODULES = YES;
				CLANG_ENABLE_OBJC_ARC = YES;
				CLANG_ENABLE_OBJC_WEAK = YES;
				CLANG_WARN_BLOCK_CAPTURE_AUTORELEASING = YES;
				CLANG_WARN_BOOL_CONVERSION = YES;
				CLANG_WARN_COMMA = YES;
				CLANG_WARN_CONSTANT_CONVERSION = YES;
				CLANG_WARN_DEPRECATED_OBJC_IMPLEMENTATIONS = YES;
				CLANG_WARN_DIRECT_OBJC_ISA_USAGE = YES_ERROR;
				CLANG_WARN_DOCUMENTATION_COMMENTS = YES;
				CLANG_WARN_EMPTY_BODY = YES;
				CLANG_WARN_ENUM_CONVERSION = YES;
				CLANG_WARN_INFINITE_RECURSION = YES;
				CLANG_WARN_INT_CONVERSION = YES;
				CLANG_WARN_NON_LITERAL_NULL_CONVERSION = YES;
				CLANG_WARN_OBJC_IMPLICIT_RETAIN_SELF = YES;
				CLANG_WARN_OBJC_LITERAL_CONVERSION = YES;
				CLANG_WARN_OBJC_ROOT_CLASS = YES_ERROR;
				CLANG_WARN_QUOTED_INCLUDE_IN_FRAMEWORK_HEADER = YES;
				CLANG_WARN_RANGE_LOOP_ANALYSIS = YES;
				CLANG_WARN_STRICT_PROTOTYPES = YES;
				CLANG_WARN_SUSPICIOUS_MOVE = YES;
				CLANG_WARN_UNGUARDED_AVAILABILITY = YES_AGGRESSIVE;
				CLANG_WARN_UNREACHABLE_CODE = YES;
				CLANG_WARN__DUPLICATE_METHOD_MATCH = YES;
				COPY_PHASE_STRIP = NO;
				DEBUG_INFORMATION_FORMAT = "dwarf-with-dsym";
				ENABLE_NS_ASSERTIONS = NO;
				ENABLE_STRICT_OBJC_MSGSEND = YES;
				GCC_C_LANGUAGE_STANDARD = gnu11;
				GCC_NO_COMMON_BLOCKS = YES;
				GCC_WARN_64_TO_32_BIT_CONVERSION = YES;
				GCC_WARN_ABOUT_RETURN_TYPE = YES_ERROR;
				GCC_WARN_UNDECLARED_SELECTOR = YES;
				GCC_WARN_UNINITIALIZED_AUTOS = YES_AGGRESSIVE;
				GCC_WARN_UNUSED_FUNCTION = YES;
				GCC_WARN_UNUSED_VARIABLE = YES;
				IPHONEOS_DEPLOYMENT_TARGET = 15.5;
				MTL_ENABLE_DEBUG_INFO = NO;
				MTL_FAST_MATH = YES;
				SDKROOT = iphoneos;
				SWIFT_COMPILATION_MODE = wholemodule;
				SWIFT_OPTIMIZATION_LEVEL = "-O";
				VALIDATE_PRODUCT = YES;
			};
			name = Release;
		};
		523F2F0528CAD2B80063FAC1 /* Debug */ = {
			isa = XCBuildConfiguration;
			buildSettings = {
				ASSETCATALOG_COMPILER_APPICON_NAME = AppIcon;
				ASSETCATALOG_COMPILER_GLOBAL_ACCENT_COLOR_NAME = AccentColor;
				CODE_SIGN_STYLE = Automatic;
				CURRENT_PROJECT_VERSION = 1;
				DEVELOPMENT_ASSET_PATHS = "\"Pokedex/Preview Content\"";
				DEVELOPMENT_TEAM = XR5G243JM7;
				ENABLE_PREVIEWS = YES;
				GENERATE_INFOPLIST_FILE = YES;
				INFOPLIST_KEY_UIApplicationSceneManifest_Generation = YES;
				INFOPLIST_KEY_UIApplicationSupportsIndirectInputEvents = YES;
				INFOPLIST_KEY_UILaunchScreen_Generation = YES;
				INFOPLIST_KEY_UISupportedInterfaceOrientations_iPad = "UIInterfaceOrientationPortrait UIInterfaceOrientationPortraitUpsideDown UIInterfaceOrientationLandscapeLeft UIInterfaceOrientationLandscapeRight";
				INFOPLIST_KEY_UISupportedInterfaceOrientations_iPhone = "UIInterfaceOrientationPortrait UIInterfaceOrientationLandscapeLeft UIInterfaceOrientationLandscapeRight";
				LD_RUNPATH_SEARCH_PATHS = (
					"$(inherited)",
					"@executable_path/Frameworks",
				);
				MARKETING_VERSION = 1.0;
				PRODUCT_BUNDLE_IDENTIFIER = com.codewithvu.Pokedex;
				PRODUCT_NAME = "$(TARGET_NAME)";
				SWIFT_EMIT_LOC_STRINGS = YES;
				SWIFT_VERSION = 5.0;
				TARGETED_DEVICE_FAMILY = "1,2";
			};
			name = Debug;
		};
		523F2F0628CAD2B80063FAC1 /* Release */ = {
			isa = XCBuildConfiguration;
			buildSettings = {
				ASSETCATALOG_COMPILER_APPICON_NAME = AppIcon;
				ASSETCATALOG_COMPILER_GLOBAL_ACCENT_COLOR_NAME = AccentColor;
				CODE_SIGN_STYLE = Automatic;
				CURRENT_PROJECT_VERSION = 1;
				DEVELOPMENT_ASSET_PATHS = "\"Pokedex/Preview Content\"";
				DEVELOPMENT_TEAM = XR5G243JM7;
				ENABLE_PREVIEWS = YES;
				GENERATE_INFOPLIST_FILE = YES;
				INFOPLIST_KEY_UIApplicationSceneManifest_Generation = YES;
				INFOPLIST_KEY_UIApplicationSupportsIndirectInputEvents = YES;
				INFOPLIST_KEY_UILaunchScreen_Generation = YES;
				INFOPLIST_KEY_UISupportedInterfaceOrientations_iPad = "UIInterfaceOrientationPortrait UIInterfaceOrientationPortraitUpsideDown UIInterfaceOrientationLandscapeLeft UIInterfaceOrientationLandscapeRight";
				INFOPLIST_KEY_UISupportedInterfaceOrientations_iPhone = "UIInterfaceOrientationPortrait UIInterfaceOrientationLandscapeLeft UIInterfaceOrientationLandscapeRight";
				LD_RUNPATH_SEARCH_PATHS = (
					"$(inherited)",
					"@executable_path/Frameworks",
				);
				MARKETING_VERSION = 1.0;
				PRODUCT_BUNDLE_IDENTIFIER = com.codewithvu.Pokedex;
				PRODUCT_NAME = "$(TARGET_NAME)";
				SWIFT_EMIT_LOC_STRINGS = YES;
				SWIFT_VERSION = 5.0;
				TARGETED_DEVICE_FAMILY = "1,2";
			};
			name = Release;
		};
/* End XCBuildConfiguration section */

/* Begin XCConfigurationList section */
		523F2EF128CAD2B70063FAC1 /* Build configuration list for PBXProject "Pokedex" */ = {
			isa = XCConfigurationList;
			buildConfigurations = (
				523F2F0228CAD2B80063FAC1 /* Debug */,
				523F2F0328CAD2B80063FAC1 /* Release */,
			);
			defaultConfigurationIsVisible = 0;
			defaultConfigurationName = Release;
		};
		523F2F0428CAD2B80063FAC1 /* Build configuration list for PBXNativeTarget "Pokedex" */ = {
			isa = XCConfigurationList;
			buildConfigurations = (
				523F2F0528CAD2B80063FAC1 /* Debug */,
				523F2F0628CAD2B80063FAC1 /* Release */,
			);
			defaultConfigurationIsVisible = 0;
			defaultConfigurationName = Release;
		};
/* End XCConfigurationList section */
	};
	rootObject = 523F2EEE28CAD2B70063FAC1 /* Project object */;
}
